github.com/odvcencio/gotreesitter v0.51.0 h1:tSAcoC1wGyCIOgXF5BgwjiTgA+UW8jW2Lb15wDyXRWk=
github.com/odvcencio/gotreesitter v0.51.0/go.mod h1:hBVkghd0paaYAVwd2087vfwdeU984bQbMo9LvpE0moo=
golang.org/x/text v0.42.0 h1:JbOZXgfeCPU9gacVtYliJqOhD+zhrEqK4LfdpmlUZqI=
golang.org/x/text v0.42.0/go.mod h1:ojzP1Z+2QtioaF8DTtO8K5q7JWVVYwZKenzujK0Zd0E=
